
Microsoft Visual Studio Solution File, Format Version 12.00
# Visual Studio Version 17
VisualStudioVersion = 17.0.31903.59
MinimumVisualStudioVersion = 10.0.40219.1
Project("{2150E333-8FDC-42A3-9474-1A3956D46DE8}") = "src", "src", "{827E0CD3-B72D-47B6-A68D-7590B98EB39B}"
EndProject
Project("{FAE04EC0-301F-11D3-BF4B-00C04F79EFBC}") = "RealEstate.Domain", "src\RealEstate.Domain\RealEstate.Domain.csproj", "{6FD38485-1C42-4C71-86EB-602E3C478EAA}"
EndProject
Project("{FAE04EC0-301F-11D3-BF4B-00C04F79EFBC}") = "RealEstate.Application", "src\RealEstate.Application\RealEstate.Application.csproj", "{31534897-3862-4906-88D3-CF14CF82E793}"
EndProject
Project("{FAE04EC0-301F-11D3-BF4B-00C04F79EFBC}") = "RealEstate.Infrastructure", "src\RealEstate.Infrastructure\RealEstate.Infrastructure.csproj", "{1F780899-E548-4433-9505-0C82E5D043A7}"
EndProject
Project("{FAE04EC0-301F-11D3-BF4B-00C04F79EFBC}") = "RealEstate.Api", "src\RealEstate.Api\RealEstate.Api.csproj", "{BB4169D1-75D0-4F8E-9701-1D1A61D9DE4C}"
EndProject
Project("{2150E333-8FDC-42A3-9474-1A3956D46DE8}") = "tests", "tests", "{0AB3BF05-4346-4AA6-1389-037BE0695223}"
EndProject
Project("{FAE04EC0-301F-11D3-BF4B-00C04F79EFBC}") = "RealEstate.Domain.Tests", "tests\RealEstate.Domain.Tests\RealEstate.Domain.Tests.csproj", "{61592AA5-E71F-4062-A9F2-AF82A809D987}"
EndProject
Project("{FAE04EC0-301F-11D3-BF4B-00C04F79EFBC}") = "RealEstate.Application.Tests", "tests\RealEstate.Application.Tests\RealEstate.Application.Tests.csproj", "{A1BC4954-09A3-412A-B549-5287FF4A7000}"
EndProject
Project("{FAE04EC0-301F-11D3-BF4B-00C04F79EFBC}") = "RealEstate.Infrastructure.Tests", "tests\RealEstate.Infrastructure.Tests\RealEstate.Infrastructure.Tests.csproj", "{E663E4E1-4D06-4230-9B4F-DDC6F1469520}"
EndProject
Project("{FAE04EC0-301F-11D3-BF4B-00C04F79EFBC}") = "RealEstate.Api.Tests", "tests\RealEstate.Api.Tests\RealEstate.Api.Tests.csproj", "{C0F90BE4-99B6-4A37-B296-7D2919674AB5}"
EndProject
Global
	GlobalSection(SolutionConfigurationPlatforms) = preSolution
		Debug|Any CPU = Debug|Any CPU
		Debug|x64 = Debug|x64
		Debug|x86 = Debug|x86
		Release|Any CPU = Release|Any CPU
		Release|x64 = Release|x64
		Release|x86 = Release|x86
	EndGlobalSection
	GlobalSection(ProjectConfigurationPlatforms) = postSolution
		{6FD38485-1C42-4C71-86EB-602E3C478EAA}.Debug|Any CPU.ActiveCfg = Debug|Any CPU
		{6FD38485-1C42-4C71-86EB-602E3C478EAA}.Debug|Any CPU.Build.0 = Debug|Any CPU
		{6FD38485-1C42-4C71-86EB-602E3C478EAA}.Debug|x64.ActiveCfg = Debug|Any CPU
		{6FD38485-1C42-4C71-86EB-602E3C478EAA}.Debug|x64.Build.0 = Debug|Any CPU
		{6FD38485-1C42-4C71-86EB-602E3C478EAA}.Debug|x86.ActiveCfg = Debug|Any CPU
		{6FD38485-1C42-4C71-86EB-602E3C478EAA}.Debug|x86.Build.0 = Debug|Any CPU
		{6FD38485-1C42-4C71-86EB-602E3C478EAA}.Release|Any CPU.ActiveCfg = Release|Any CPU
		{6FD38485-1C42-4C71-86EB-602E3C478EAA}.Release|Any CPU.Build.0 = Release|Any CPU
		{6FD38485-1C42-4C71-86EB-602E3C478EAA}.Release|x64.ActiveCfg = Release|Any CPU
		{6FD38485-1C42-4C71-86EB-602E3C478EAA}.Release|x64.Build.0 = Release|Any CPU
		{6FD38485-1C42-4C71-86EB-602E3C478EAA}.Release|x86.ActiveCfg = Release|Any CPU
		{6FD38485-1C42-4C71-86EB-602E3C478EAA}.Release|x86.Build.0 = Release|Any CPU
		{31534897-3862-4906-88D3-CF14CF82E793}.Debug|Any CPU.ActiveCfg = Debug|Any CPU
		{31534897-3862-4906-88D3-CF14CF82E793}.Debug|Any CPU.Build.0 = Debug|Any CPU
		{31534897-3862-4906-88D3-CF14CF82E793}.Debug|x64.ActiveCfg = Debug|Any CPU
		{31534897-3862-4906-88D3-CF14CF82E793}.Debug|x64.Build.0 = Debug|Any CPU
		{31534897-3862-4906-88D3-CF14CF82E793}.Debug|x86.ActiveCfg = Debug|Any CPU
		{31534897-3862-4906-88D3-CF14CF82E793}.Debug|x86.Build.0 = Debug|Any CPU
		{31534897-3862-4906-88D3-CF14CF82E793}.Release|Any CPU.ActiveCfg = Release|Any CPU
		{31534897-3862-4906-88D3-CF14CF82E793}.Release|Any CPU.Build.0 = Release|Any CPU
		{31534897-3862-4906-88D3-CF14CF82E793}.Release|x64.ActiveCfg = Release|Any CPU
		{31534897-3862-4906-88D3-CF14CF82E793}.Release|x64.Build.0 = Release|Any CPU
		{31534897-3862-4906-88D3-CF14CF82E793}.Release|x86.ActiveCfg = Release|Any CPU
		{31534897-3862-4906-88D3-CF14CF82E793}.Release|x86.Build.0 = Release|Any CPU
		{1F780899-E548-4433-9505-0C82E5D043A7}.Debug|Any CPU.ActiveCfg = Debug|Any CPU
		{1F780899-E548-4433-9505-0C82E5D043A7}.Debug|Any CPU.Build.0 = Debug|Any CPU
		{1F780899-E548-4433-9505-0C82E5D043A7}.Debug|x64.ActiveCfg = Debug|Any CPU
		{1F780899-E548-4433-9505-0C82E5D043A7}.Debug|x64.Build.0 = Debug|Any CPU
		{1F780899-E548-4433-9505-0C82E5D043A7}.Debug|x86.ActiveCfg = Debug|Any CPU
		{1F780899-E548-4433-9505-0C82E5D043A7}.Debug|x86.Build.0 = Debug|Any CPU
		{1F780899-E548-4433-9505-0C82E5D043A7}.Release|Any CPU.ActiveCfg = Release|Any CPU
		{1F780899-E548-4433-9505-0C82E5D043A7}.Release|Any CPU.Build.0 = Release|Any CPU
		{1F780899-E548-4433-9505-0C82E5D043A7}.Release|x64.ActiveCfg = Release|Any CPU
		{1F780899-E548-4433-9505-0C82E5D043A7}.Release|x64.Build.0 = Release|Any CPU
		{1F780899-E548-4433-9505-0C82E5D043A7}.Release|x86.ActiveCfg = Release|Any CPU
		{1F780899-E548-4433-9505-0C82E5D043A7}.Release|x86.Build.0 = Release|Any CPU
		{BB4169D1-75D0-4F8E-9701-1D1A61D9DE4C}.Debug|Any CPU.ActiveCfg = Debug|Any CPU
		{BB4169D1-75D0-4F8E-9701-1D1A61D9DE4C}.Debug|Any CPU.Build.0 = Debug|Any CPU
		{BB4169D1-75D0-4F8E-9701-1D1A61D9DE4C}.Debug|x64.ActiveCfg = Debug|Any CPU
		{BB4169D1-75D0-4F8E-9701-1D1A61D9DE4C}.Debug|x64.Build.0 = Debug|Any CPU
		{BB4169D1-75D0-4F8E-9701-1D1A61D9DE4C}.Debug|x86.ActiveCfg = Debug|Any CPU
		{BB4169D1-75D0-4F8E-9701-1D1A61D9DE4C}.Debug|x86.Build.0 = Debug|Any CPU
		{BB4169D1-75D0-4F8E-9701-1D1A61D9DE4C}.Release|Any CPU.ActiveCfg = Release|Any CPU
		{BB4169D1-75D0-4F8E-9701-1D1A61D9DE4C}.Release|Any CPU.Build.0 = Release|Any CPU
		{BB4169D1-75D0-4F8E-9701-1D1A61D9DE4C}.Release|x64.ActiveCfg = Release|Any CPU
		{BB4169D1-75D0-4F8E-9701-1D1A61D9DE4C}.Release|x64.Build.0 = Release|Any CPU
		{BB4169D1-75D0-4F8E-9701-1D1A61D9DE4C}.Release|x86.ActiveCfg = Release|Any CPU
		{BB4169D1-75D0-4F8E-9701-1D1A61D9DE4C}.Release|x86.Build.0 = Release|Any CPU
		{61592AA5-E71F-4062-A9F2-AF82A809D987}.Debug|Any CPU.ActiveCfg = Debug|Any CPU
		{61592AA5-E71F-4062-A9F2-AF82A809D987}.Debug|Any CPU.Build.0 = Debug|Any CPU
		{61592AA5-E71F-4062-A9F2-AF82A809D987}.Debug|x64.ActiveCfg = Debug|Any CPU
		{61592AA5-E71F-4062-A9F2-AF82A809D987}.Debug|x64.Build.0 = Debug|Any CPU
		{61592AA5-E71F-4062-A9F2-AF82A809D987}.Debug|x86.ActiveCfg = Debug|Any CPU
		{61592AA5-E71F-4062-A9F2-AF82A809D987}.Debug|x86.Build.0 = Debug|Any CPU
		{61592AA5-E71F-4062-A9F2-AF82A809D987}.Release|Any CPU.ActiveCfg = Release|Any CPU
		{61592AA5-E71F-4062-A9F2-AF82A809D987}.Release|Any CPU.Build.0 = Release|Any CPU
		{61592AA5-E71F-4062-A9F2-AF82A809D987}.Release|x64.ActiveCfg = Release|Any CPU
		{61592AA5-E71F-4062-A9F2-AF82A809D987}.Release|x64.Build.0 = Release|Any CPU
		{61592AA5-E71F-4062-A9F2-AF82A809D987}.Release|x86.ActiveCfg = Release|Any CPU
		{61592AA5-E71F-4062-A9F2-AF82A809D987}.Release|x86.Build.0 = Release|Any CPU
		{A1BC4954-09A3-412A-B549-5287FF4A7000}.Debug|Any CPU.ActiveCfg = Debug|Any CPU
		{A1BC4954-09A3-412A-B549-5287FF4A7000}.Debug|Any CPU.Build.0 = Debug|Any CPU
		{A1BC4954-09A3-412A-B549-5287FF4A7000}.Debug|x64.ActiveCfg = Debug|Any CPU
		{A1BC4954-09A3-412A-B549-5287FF4A7000}.Debug|x64.Build.0 = Debug|Any CPU
		{A1BC4954-09A3-412A-B549-5287FF4A7000}.Debug|x86.ActiveCfg = Debug|Any CPU
		{A1BC4954-09A3-412A-B549-5287FF4A7000}.Debug|x86.Build.0 = Debug|Any CPU
		{A1BC4954-09A3-412A-B549-5287FF4A7000}.Release|Any CPU.ActiveCfg = Release|Any CPU
		{A1BC4954-09A3-412A-B549-5287FF4A7000}.Release|Any CPU.Build.0 = Release|Any CPU
		{A1BC4954-09A3-412A-B549-5287FF4A7000}.Release|x64.ActiveCfg = Release|Any CPU
		{A1BC4954-09A3-412A-B549-5287FF4A7000}.Release|x64.Build.0 = Release|Any CPU
		{A1BC4954-09A3-412A-B549-5287FF4A7000}.Release|x86.ActiveCfg = Release|Any CPU
		{A1BC4954-09A3-412A-B549-5287FF4A7000}.Release|x86.Build.0 = Release|Any CPU
		{E663E4E1-4D06-4230-9B4F-DDC6F1469520}.Debug|Any CPU.ActiveCfg = Debug|Any CPU
		{E663E4E1-4D06-4230-9B4F-DDC6F1469520}.Debug|Any CPU.Build.0 = Debug|Any CPU
		{E663E4E1-4D06-4230-9B4F-DDC6F1469520}.Debug|x64.ActiveCfg = Debug|Any CPU
		{E663E4E1-4D06-4230-9B4F-DDC6F1469520}.Debug|x64.Build.0 = Debug|Any CPU
		{E663E4E1-4D06-4230-9B4F-DDC6F1469520}.Debug|x86.ActiveCfg = Debug|Any CPU
		{E663E4E1-4D06-4230-9B4F-DDC6F1469520}.Debug|x86.Build.0 = Debug|Any CPU
		{E663E4E1-4D06-4230-9B4F-DDC6F1469520}.Release|Any CPU.ActiveCfg = Release|Any CPU
		{E663E4E1-4D06-4230-9B4F-DDC6F1469520}.Release|Any CPU.Build.0 = Release|Any CPU
		{E663E4E1-4D06-4230-9B4F-DDC6F1469520}.Release|x64.ActiveCfg = Release|Any CPU
		{E663E4E1-4D06-4230-9B4F-DDC6F1469520}.Release|x64.Build.0 = Release|Any CPU
		{E663E4E1-4D06-4230-9B4F-DDC6F1469520}.Release|x86.ActiveCfg = Release|Any CPU
		{E663E4E1-4D06-4230-9B4F-DDC6F1469520}.Release|x86.Build.0 = Release|Any CPU
		{C0F90BE4-99B6-4A37-B296-7D2919674AB5}.Debug|Any CPU.ActiveCfg = Debug|Any CPU
		{C0F90BE4-99B6-4A37-B296-7D2919674AB5}.Debug|Any CPU.Build.0 = Debug|Any CPU
		{C0F90BE4-99B6-4A37-B296-7D2919674AB5}.Debug|x64.ActiveCfg = Debug|Any CPU
		{C0F90BE4-99B6-4A37-B296-7D2919674AB5}.Debug|x64.Build.0 = Debug|Any CPU
		{C0F90BE4-99B6-4A37-B296-7D2919674AB5}.Debug|x86.ActiveCfg = Debug|Any CPU
		{C0F90BE4-99B6-4A37-B296-7D2919674AB5}.Debug|x86.Build.0 = Debug|Any CPU
		{C0F90BE4-99B6-4A37-B296-7D2919674AB5}.Release|Any CPU.ActiveCfg = Release|Any CPU
		{C0F90BE4-99B6-4A37-B296-7D2919674AB5}.Release|Any CPU.Build.0 = Release|Any CPU
		{C0F90BE4-99B6-4A37-B296-7D2919674AB5}.Release|x64.ActiveCfg = Release|Any CPU
		{C0F90BE4-99B6-4A37-B296-7D2919674AB5}.Release|x64.Build.0 = Release|Any CPU
		{C0F90BE4-99B6-4A37-B296-7D2919674AB5}.Release|x86.ActiveCfg = Release|Any CPU
		{C0F90BE4-99B6-4A37-B296-7D2919674AB5}.Release|x86.Build.0 = Release|Any CPU
	EndGlobalSection
	GlobalSection(SolutionProperties) = preSolution
		HideSolutionNode = FALSE
	EndGlobalSection
	GlobalSection(NestedProjects) = preSolution
		{6FD38485-1C42-4C71-86EB-602E3C478EAA} = {827E0CD3-B72D-47B6-A68D-7590B98EB39B}
		{31534897-3862-4906-88D3-CF14CF82E793} = {827E0CD3-B72D-47B6-A68D-7590B98EB39B}
		{1F780899-E548-4433-9505-0C82E5D043A7} = {827E0CD3-B72D-47B6-A68D-7590B98EB39B}
		{BB4169D1-75D0-4F8E-9701-1D1A61D9DE4C} = {827E0CD3-B72D-47B6-A68D-7590B98EB39B}
		{61592AA5-E71F-4062-A9F2-AF82A809D987} = {0AB3BF05-4346-4AA6-1389-037BE0695223}
		{A1BC4954-09A3-412A-B549-5287FF4A7000} = {0AB3BF05-4346-4AA6-1389-037BE0695223}
		{E663E4E1-4D06-4230-9B4F-DDC6F1469520} = {0AB3BF05-4346-4AA6-1389-037BE0695223}
		{C0F90BE4-99B6-4A37-B296-7D2919674AB5} = {0AB3BF05-4346-4AA6-1389-037BE0695223}
	EndGlobalSection
EndGlobal
